
Microsoft Visual Studio Solution File, Format Version 12.00
# Visual Studio Version 17
VisualStudioVersion = 17.0.32014.148
MinimumVisualStudioVersion = 10.0.40219.1
Project("{F184B08F-C81C-45F6-A57F-5ABD9991F28F}") = "ORP", "ORP\ORP.vbproj", "{22DB39A8-52C7-445D-B93F-706C56D5C306}"
EndProject
Global
	GlobalSection(SolutionConfigurationPlatforms) = preSolution
		Debug|Any CPU = Debug|Any CPU
		Release|Any CPU = Release|Any CPU
	EndGlobalSection
	GlobalSection(ProjectConfigurationPlatforms) = postSolution
		{22DB39A8-52C7-445D-B93F-706C56D5C306}.Debug|Any CPU.ActiveCfg = Debug|Any CPU
		{22DB39A8-52C7-445D-B93F-706C56D5C306}.Debug|Any CPU.Build.0 = Debug|Any CPU
		{22DB39A8-52C7-445D-B93F-706C56D5C306}.Release|Any CPU.ActiveCfg = Release|Any CPU
		{22DB39A8-52C7-445D-B93F-706C56D5C306}.Release|Any CPU.Build.0 = Release|Any CPU
	EndGlobalSection
	GlobalSection(SolutionProperties) = preSolution
		HideSolutionNode = FALSE
	EndGlobalSection
	GlobalSection(ExtensibilityGlobals) = postSolution
		SolutionGuid = {4E38A660-3420-40A9-9552-2091FA8567B2}
	EndGlobalSection
EndGlobal
